
Microsoft Visual Studio Solution File, Format Version 12.00
# Visual Studio 14
VisualStudioVersion = 14.0.22823.1
MinimumVisualStudioVersion = 10.0.40219.1
Project("{FAE04EC0-301F-11D3-BF4B-00C04F79EFBC}") = "EAN.Api", "EAN.Api\EAN.Api.csproj", "{D2BD2907-05C7-453C-A1FD-C89BB79FC4E3}"
EndProject
Project("{FAE04EC0-301F-11D3-BF4B-00C04F79EFBC}") = "EAN.Api.Tests", "EAN.Api.Tests\EAN.Api.Tests.csproj", "{90F4F401-C815-430D-8BE6-365ACBC8D0A1}"
EndProject
Global
	GlobalSection(SolutionConfigurationPlatforms) = preSolution
		Debug|Any CPU = Debug|Any CPU
		Release|Any CPU = Release|Any CPU
	EndGlobalSection
	GlobalSection(ProjectConfigurationPlatforms) = postSolution
		{D2BD2907-05C7-453C-A1FD-C89BB79FC4E3}.Debug|Any CPU.ActiveCfg = Debug|Any CPU
		{D2BD2907-05C7-453C-A1FD-C89BB79FC4E3}.Debug|Any CPU.Build.0 = Debug|Any CPU
		{D2BD2907-05C7-453C-A1FD-C89BB79FC4E3}.Release|Any CPU.ActiveCfg = Release|Any CPU
		{D2BD2907-05C7-453C-A1FD-C89BB79FC4E3}.Release|Any CPU.Build.0 = Release|Any CPU
		{90F4F401-C815-430D-8BE6-365ACBC8D0A1}.Debug|Any CPU.ActiveCfg = Debug|Any CPU
		{90F4F401-C815-430D-8BE6-365ACBC8D0A1}.Debug|Any CPU.Build.0 = Debug|Any CPU
		{90F4F401-C815-430D-8BE6-365ACBC8D0A1}.Release|Any CPU.ActiveCfg = Release|Any CPU
		{90F4F401-C815-430D-8BE6-365ACBC8D0A1}.Release|Any CPU.Build.0 = Release|Any CPU
	EndGlobalSection
	GlobalSection(SolutionProperties) = preSolution
		HideSolutionNode = FALSE
	EndGlobalSection
EndGlobal
